
Microsoft Visual Studio Solution File, Format Version 12.00
# Visual Studio 15
VisualStudioVersion = 15.0.28307.1259
MinimumVisualStudioVersion = 10.0.40219.1
Project("{8BC9CEB8-8B4A-11D0-8D11-00A0C91BC942}") = "ArrayExamples", "ArrayExamples\ArrayExamples.vcxproj", "{9A5C8899-4515-47F5-8D2F-4507D392403A}"
EndProject
Global
	GlobalSection(SolutionConfigurationPlatforms) = preSolution
		Debug|x64 = Debug|x64
		Debug|x86 = Debug|x86
		Release|x64 = Release|x64
		Release|x86 = Release|x86
	EndGlobalSection
	GlobalSection(ProjectConfigurationPlatforms) = postSolution
		{9A5C8899-4515-47F5-8D2F-4507D392403A}.Debug|x64.ActiveCfg = Debug|x64
		{9A5C8899-4515-47F5-8D2F-4507D392403A}.Debug|x64.Build.0 = Debug|x64
		{9A5C8899-4515-47F5-8D2F-4507D392403A}.Debug|x86.ActiveCfg = Debug|Win32
		{9A5C8899-4515-47F5-8D2F-4507D392403A}.Debug|x86.Build.0 = Debug|Win32
		{9A5C8899-4515-47F5-8D2F-4507D392403A}.Release|x64.ActiveCfg = Release|x64
		{9A5C8899-4515-47F5-8D2F-4507D392403A}.Release|x64.Build.0 = Release|x64
		{9A5C8899-4515-47F5-8D2F-4507D392403A}.Release|x86.ActiveCfg = Release|Win32
		{9A5C8899-4515-47F5-8D2F-4507D392403A}.Release|x86.Build.0 = Release|Win32
	EndGlobalSection
	GlobalSection(SolutionProperties) = preSolution
		HideSolutionNode = FALSE
	EndGlobalSection
	GlobalSection(ExtensibilityGlobals) = postSolution
		SolutionGuid = {F91B06AD-4509-4515-BED7-E08F5A1676E0}
	EndGlobalSection
EndGlobal
